
Microsoft Visual Studio Solution File, Format Version 10.00
# Visual Studio 2008
Project("{FAE04EC0-301F-11D3-BF4B-00C04F79EFBC}") = "KillWindows10Popup", "KillWindows10Popup\KillWindows10Popup.csproj", "{81694B15-450D-4F89-93FE-9D6ACF7A03F1}"
EndProject
Global
	GlobalSection(SolutionConfigurationPlatforms) = preSolution
		Debug|Any CPU = Debug|Any CPU
		Release|Any CPU = Release|Any CPU
	EndGlobalSection
	GlobalSection(ProjectConfigurationPlatforms) = postSolution
		{81694B15-450D-4F89-93FE-9D6ACF7A03F1}.Debug|Any CPU.ActiveCfg = Debug|Any CPU
		{81694B15-450D-4F89-93FE-9D6ACF7A03F1}.Debug|Any CPU.Build.0 = Debug|Any CPU
		{81694B15-450D-4F89-93FE-9D6ACF7A03F1}.Release|Any CPU.ActiveCfg = Release|Any CPU
		{81694B15-450D-4F89-93FE-9D6ACF7A03F1}.Release|Any CPU.Build.0 = Release|Any CPU
	EndGlobalSection
	GlobalSection(SolutionProperties) = preSolution
		HideSolutionNode = FALSE
	EndGlobalSection
EndGlobal
